
Microsoft Visual Studio Solution File, Format Version 12.00
# Visual Studio Version 16
VisualStudioVersion = 16.0.29613.14
MinimumVisualStudioVersion = 10.0.40219.1
Project("{FAE04EC0-301F-11D3-BF4B-00C04F79EFBC}") = "shmuel zoom 13.5.20", "shmuel zoom 13.5.20\shmuel zoom 13.5.20.csproj", "{78D14830-7A0B-4D44-8188-9B5D010A1A36}"
EndProject
Global
	GlobalSection(SolutionConfigurationPlatforms) = preSolution
		Debug|Any CPU = Debug|Any CPU
		Release|Any CPU = Release|Any CPU
	EndGlobalSection
	GlobalSection(ProjectConfigurationPlatforms) = postSolution
		{78D14830-7A0B-4D44-8188-9B5D010A1A36}.Debug|Any CPU.ActiveCfg = Debug|Any CPU
		{78D14830-7A0B-4D44-8188-9B5D010A1A36}.Debug|Any CPU.Build.0 = Debug|Any CPU
		{78D14830-7A0B-4D44-8188-9B5D010A1A36}.Release|Any CPU.ActiveCfg = Release|Any CPU
		{78D14830-7A0B-4D44-8188-9B5D010A1A36}.Release|Any CPU.Build.0 = Release|Any CPU
	EndGlobalSection
	GlobalSection(SolutionProperties) = preSolution
		HideSolutionNode = FALSE
	EndGlobalSection
	GlobalSection(ExtensibilityGlobals) = postSolution
		SolutionGuid = {89212E0B-FE01-4DCA-9B8B-58DF4FFFAEEF}
	EndGlobalSection
EndGlobal
