
Microsoft Visual Studio Solution File, Format Version 12.00
# Visual Studio Version 16
VisualStudioVersion = 16.0.29215.179
MinimumVisualStudioVersion = 10.0.40219.1
Project("{FAE04EC0-301F-11D3-BF4B-00C04F79EFBC}") = "Email Gmail Sender 1", "Email Sender 1\Email Gmail Sender 1.csproj", "{4B4A5EB7-A8E6-43F0-91DA-99AEB508B8D0}"
EndProject
Global
	GlobalSection(SolutionConfigurationPlatforms) = preSolution
		Debug|Any CPU = Debug|Any CPU
		Release|Any CPU = Release|Any CPU
	EndGlobalSection
	GlobalSection(ProjectConfigurationPlatforms) = postSolution
		{4B4A5EB7-A8E6-43F0-91DA-99AEB508B8D0}.Debug|Any CPU.ActiveCfg = Debug|Any CPU
		{4B4A5EB7-A8E6-43F0-91DA-99AEB508B8D0}.Debug|Any CPU.Build.0 = Debug|Any CPU
		{4B4A5EB7-A8E6-43F0-91DA-99AEB508B8D0}.Release|Any CPU.ActiveCfg = Release|Any CPU
		{4B4A5EB7-A8E6-43F0-91DA-99AEB508B8D0}.Release|Any CPU.Build.0 = Release|Any CPU
	EndGlobalSection
	GlobalSection(SolutionProperties) = preSolution
		HideSolutionNode = FALSE
	EndGlobalSection
	GlobalSection(ExtensibilityGlobals) = postSolution
		SolutionGuid = {AE9B0D08-D66D-48A0-8EB5-0A85A6B30D3D}
	EndGlobalSection
EndGlobal
