
Microsoft Visual Studio Solution File, Format Version 12.00
# Visual Studio Version 16
VisualStudioVersion = 16.0.30104.148
MinimumVisualStudioVersion = 10.0.40219.1
Project("{FAE04EC0-301F-11D3-BF4B-00C04F79EFBC}") = "KolBoGuess", "KolBoGuess\KolBoGuess.csproj", "{1C1A5D96-5B5E-4D9F-A969-1D1F3236E73C}"
EndProject
Global
	GlobalSection(SolutionConfigurationPlatforms) = preSolution
		Debug|Any CPU = Debug|Any CPU
		Release|Any CPU = Release|Any CPU
	EndGlobalSection
	GlobalSection(ProjectConfigurationPlatforms) = postSolution
		{1C1A5D96-5B5E-4D9F-A969-1D1F3236E73C}.Debug|Any CPU.ActiveCfg = Debug|Any CPU
		{1C1A5D96-5B5E-4D9F-A969-1D1F3236E73C}.Debug|Any CPU.Build.0 = Debug|Any CPU
		{1C1A5D96-5B5E-4D9F-A969-1D1F3236E73C}.Release|Any CPU.ActiveCfg = Release|Any CPU
		{1C1A5D96-5B5E-4D9F-A969-1D1F3236E73C}.Release|Any CPU.Build.0 = Release|Any CPU
	EndGlobalSection
	GlobalSection(SolutionProperties) = preSolution
		HideSolutionNode = FALSE
	EndGlobalSection
	GlobalSection(ExtensibilityGlobals) = postSolution
		SolutionGuid = {DCAEB8FF-BC5A-48C3-BDC1-A0BEDDD809C7}
	EndGlobalSection
EndGlobal
