
Microsoft Visual Studio Solution File, Format Version 12.00
# Visual Studio Version 16
VisualStudioVersion = 16.0.29215.179
MinimumVisualStudioVersion = 10.0.40219.1
Project("{FAE04EC0-301F-11D3-BF4B-00C04F79EFBC}") = "Psychology Practice", "Psychology Practice\Psychology Practice.csproj", "{3F755136-92D1-455E-BCD7-8A020EEDC246}"
EndProject
Global
	GlobalSection(SolutionConfigurationPlatforms) = preSolution
		Debug|Any CPU = Debug|Any CPU
		Release|Any CPU = Release|Any CPU
	EndGlobalSection
	GlobalSection(ProjectConfigurationPlatforms) = postSolution
		{3F755136-92D1-455E-BCD7-8A020EEDC246}.Debug|Any CPU.ActiveCfg = Debug|Any CPU
		{3F755136-92D1-455E-BCD7-8A020EEDC246}.Debug|Any CPU.Build.0 = Debug|Any CPU
		{3F755136-92D1-455E-BCD7-8A020EEDC246}.Release|Any CPU.ActiveCfg = Release|Any CPU
		{3F755136-92D1-455E-BCD7-8A020EEDC246}.Release|Any CPU.Build.0 = Release|Any CPU
	EndGlobalSection
	GlobalSection(SolutionProperties) = preSolution
		HideSolutionNode = FALSE
	EndGlobalSection
	GlobalSection(ExtensibilityGlobals) = postSolution
		SolutionGuid = {B854FCF6-43FE-48CF-8DC2-5D1EC3D7D68C}
	EndGlobalSection
EndGlobal
