
Microsoft Visual Studio Solution File, Format Version 12.00
# Visual Studio Version 16
VisualStudioVersion = 16.0.29613.14
MinimumVisualStudioVersion = 10.0.40219.1
Project("{FAE04EC0-301F-11D3-BF4B-00C04F79EFBC}") = "api", "api\api.csproj", "{F5FC9186-3130-403F-A35A-7197C15D97C8}"
EndProject
Project("{FAE04EC0-301F-11D3-BF4B-00C04F79EFBC}") = "AnotherApi", "AnotherApi\AnotherApi.csproj", "{6BB8D564-BB48-47F2-B283-CF813F5B9D8F}"
EndProject
Global
	GlobalSection(SolutionConfigurationPlatforms) = preSolution
		Debug|Any CPU = Debug|Any CPU
		Release|Any CPU = Release|Any CPU
	EndGlobalSection
	GlobalSection(ProjectConfigurationPlatforms) = postSolution
		{F5FC9186-3130-403F-A35A-7197C15D97C8}.Debug|Any CPU.ActiveCfg = Debug|Any CPU
		{F5FC9186-3130-403F-A35A-7197C15D97C8}.Debug|Any CPU.Build.0 = Debug|Any CPU
		{F5FC9186-3130-403F-A35A-7197C15D97C8}.Release|Any CPU.ActiveCfg = Release|Any CPU
		{F5FC9186-3130-403F-A35A-7197C15D97C8}.Release|Any CPU.Build.0 = Release|Any CPU
		{6BB8D564-BB48-47F2-B283-CF813F5B9D8F}.Debug|Any CPU.ActiveCfg = Debug|Any CPU
		{6BB8D564-BB48-47F2-B283-CF813F5B9D8F}.Debug|Any CPU.Build.0 = Debug|Any CPU
		{6BB8D564-BB48-47F2-B283-CF813F5B9D8F}.Release|Any CPU.ActiveCfg = Release|Any CPU
		{6BB8D564-BB48-47F2-B283-CF813F5B9D8F}.Release|Any CPU.Build.0 = Release|Any CPU
	EndGlobalSection
	GlobalSection(SolutionProperties) = preSolution
		HideSolutionNode = FALSE
	EndGlobalSection
	GlobalSection(ExtensibilityGlobals) = postSolution
		SolutionGuid = {82FADACD-E38C-497F-BACE-B1C1C20E56A3}
	EndGlobalSection
EndGlobal
