
Microsoft Visual Studio Solution File, Format Version 12.00
# Visual Studio Version 16
VisualStudioVersion = 16.0.30717.126
MinimumVisualStudioVersion = 10.0.40219.1
Project("{9092AA53-FB77-4645-B42D-1CCCA6BD08BD}") = "ExpressApp2", "ExpressApp2\ExpressApp2.njsproj", "{0765E97C-A0CA-4D72-B155-68B190A7D6E8}"
EndProject
Global
	GlobalSection(SolutionConfigurationPlatforms) = preSolution
		Debug|Any CPU = Debug|Any CPU
		Release|Any CPU = Release|Any CPU
	EndGlobalSection
	GlobalSection(ProjectConfigurationPlatforms) = postSolution
		{0765E97C-A0CA-4D72-B155-68B190A7D6E8}.Debug|Any CPU.ActiveCfg = Debug|Any CPU
		{0765E97C-A0CA-4D72-B155-68B190A7D6E8}.Debug|Any CPU.Build.0 = Debug|Any CPU
		{0765E97C-A0CA-4D72-B155-68B190A7D6E8}.Release|Any CPU.ActiveCfg = Release|Any CPU
		{0765E97C-A0CA-4D72-B155-68B190A7D6E8}.Release|Any CPU.Build.0 = Release|Any CPU
	EndGlobalSection
	GlobalSection(SolutionProperties) = preSolution
		HideSolutionNode = FALSE
	EndGlobalSection
	GlobalSection(ExtensibilityGlobals) = postSolution
		SolutionGuid = {EE8AE4F0-212B-4C05-9008-FD9903E7B138}
	EndGlobalSection
EndGlobal
