
Microsoft Visual Studio Solution File, Format Version 12.00
# Visual Studio Version 16
VisualStudioVersion = 16.0.29215.179
MinimumVisualStudioVersion = 10.0.40219.1
Project("{FAE04EC0-301F-11D3-BF4B-00C04F79EFBC}") = "Nov 3 2019 Yossi Zaguri", "Nov 3 2019 Yossi Zaguri\Nov 3 2019 Yossi Zaguri.csproj", "{B7596C43-90EA-4A1F-9BD4-9DDDB20A0A8C}"
EndProject
Project("{FAE04EC0-301F-11D3-BF4B-00C04F79EFBC}") = "car and computer", "car and computer\car and computer.csproj", "{6593BF45-B613-407A-8500-50B876D2270C}"
EndProject
Global
	GlobalSection(SolutionConfigurationPlatforms) = preSolution
		Debug|Any CPU = Debug|Any CPU
		Release|Any CPU = Release|Any CPU
	EndGlobalSection
	GlobalSection(ProjectConfigurationPlatforms) = postSolution
		{B7596C43-90EA-4A1F-9BD4-9DDDB20A0A8C}.Debug|Any CPU.ActiveCfg = Debug|Any CPU
		{B7596C43-90EA-4A1F-9BD4-9DDDB20A0A8C}.Debug|Any CPU.Build.0 = Debug|Any CPU
		{B7596C43-90EA-4A1F-9BD4-9DDDB20A0A8C}.Release|Any CPU.ActiveCfg = Release|Any CPU
		{B7596C43-90EA-4A1F-9BD4-9DDDB20A0A8C}.Release|Any CPU.Build.0 = Release|Any CPU
		{6593BF45-B613-407A-8500-50B876D2270C}.Debug|Any CPU.ActiveCfg = Debug|Any CPU
		{6593BF45-B613-407A-8500-50B876D2270C}.Debug|Any CPU.Build.0 = Debug|Any CPU
		{6593BF45-B613-407A-8500-50B876D2270C}.Release|Any CPU.ActiveCfg = Release|Any CPU
		{6593BF45-B613-407A-8500-50B876D2270C}.Release|Any CPU.Build.0 = Release|Any CPU
	EndGlobalSection
	GlobalSection(SolutionProperties) = preSolution
		HideSolutionNode = FALSE
	EndGlobalSection
	GlobalSection(ExtensibilityGlobals) = postSolution
		SolutionGuid = {EB1D4330-3CCB-47E9-B5BA-20AE10F71548}
	EndGlobalSection
EndGlobal
