
Microsoft Visual Studio Solution File, Format Version 12.00
# Visual Studio Version 16
VisualStudioVersion = 16.0.30621.155
MinimumVisualStudioVersion = 10.0.40219.1
Project("{FAE04EC0-301F-11D3-BF4B-00C04F79EFBC}") = "xml", "xml\xml.csproj", "{EC1D4C23-FCBB-4BB4-B802-79614C110937}"
EndProject
Project("{2150E333-8FDC-42A3-9474-1A3956D46DE8}") = "Solution Items", "Solution Items", "{9728917C-35D5-4A18-B077-4D9074A813A9}"
	ProjectSection(SolutionItems) = preProject
		data.csv = data.csv
		homework.txt = homework.txt
		HTMLPage1.html = HTMLPage1.html
		HTMLPage2.html = HTMLPage2.html
		XMLFile1.xml = XMLFile1.xml
	EndProjectSection
EndProject
Global
	GlobalSection(SolutionConfigurationPlatforms) = preSolution
		Debug|Any CPU = Debug|Any CPU
		Release|Any CPU = Release|Any CPU
	EndGlobalSection
	GlobalSection(ProjectConfigurationPlatforms) = postSolution
		{EC1D4C23-FCBB-4BB4-B802-79614C110937}.Debug|Any CPU.ActiveCfg = Debug|Any CPU
		{EC1D4C23-FCBB-4BB4-B802-79614C110937}.Debug|Any CPU.Build.0 = Debug|Any CPU
		{EC1D4C23-FCBB-4BB4-B802-79614C110937}.Release|Any CPU.ActiveCfg = Release|Any CPU
		{EC1D4C23-FCBB-4BB4-B802-79614C110937}.Release|Any CPU.Build.0 = Release|Any CPU
	EndGlobalSection
	GlobalSection(SolutionProperties) = preSolution
		HideSolutionNode = FALSE
	EndGlobalSection
	GlobalSection(ExtensibilityGlobals) = postSolution
		SolutionGuid = {EE6AC64A-4F9D-4331-A575-E47D7F08FADA}
	EndGlobalSection
EndGlobal
