
Microsoft Visual Studio Solution File, Format Version 12.00
# Visual Studio Version 16
VisualStudioVersion = 16.0.29215.179
MinimumVisualStudioVersion = 10.0.40219.1
Project("{FAE04EC0-301F-11D3-BF4B-00C04F79EFBC}") = "timer tick", "timer tick\timer tick.csproj", "{A785597C-98D7-4EF6-ADF7-4A1F27D24B18}"
EndProject
Global
	GlobalSection(SolutionConfigurationPlatforms) = preSolution
		Debug|Any CPU = Debug|Any CPU
		Release|Any CPU = Release|Any CPU
	EndGlobalSection
	GlobalSection(ProjectConfigurationPlatforms) = postSolution
		{A785597C-98D7-4EF6-ADF7-4A1F27D24B18}.Debug|Any CPU.ActiveCfg = Debug|Any CPU
		{A785597C-98D7-4EF6-ADF7-4A1F27D24B18}.Debug|Any CPU.Build.0 = Debug|Any CPU
		{A785597C-98D7-4EF6-ADF7-4A1F27D24B18}.Release|Any CPU.ActiveCfg = Release|Any CPU
		{A785597C-98D7-4EF6-ADF7-4A1F27D24B18}.Release|Any CPU.Build.0 = Release|Any CPU
	EndGlobalSection
	GlobalSection(SolutionProperties) = preSolution
		HideSolutionNode = FALSE
	EndGlobalSection
	GlobalSection(ExtensibilityGlobals) = postSolution
		SolutionGuid = {21BBEE29-907B-41D1-815D-391F4AEEE593}
	EndGlobalSection
EndGlobal
