
Microsoft Visual Studio Solution File, Format Version 12.00
# Visual Studio Version 16
VisualStudioVersion = 16.0.30104.148
MinimumVisualStudioVersion = 10.0.40219.1
Project("{FAE04EC0-301F-11D3-BF4B-00C04F79EFBC}") = "KolBoGuessingTrick", "KolBoGuessingTrick\KolBoGuessingTrick.csproj", "{2B0E0E2A-71D0-4382-ABFC-A8CAD1634F00}"
EndProject
Global
	GlobalSection(SolutionConfigurationPlatforms) = preSolution
		Debug|Any CPU = Debug|Any CPU
		Release|Any CPU = Release|Any CPU
	EndGlobalSection
	GlobalSection(ProjectConfigurationPlatforms) = postSolution
		{2B0E0E2A-71D0-4382-ABFC-A8CAD1634F00}.Debug|Any CPU.ActiveCfg = Debug|Any CPU
		{2B0E0E2A-71D0-4382-ABFC-A8CAD1634F00}.Debug|Any CPU.Build.0 = Debug|Any CPU
		{2B0E0E2A-71D0-4382-ABFC-A8CAD1634F00}.Release|Any CPU.ActiveCfg = Release|Any CPU
		{2B0E0E2A-71D0-4382-ABFC-A8CAD1634F00}.Release|Any CPU.Build.0 = Release|Any CPU
	EndGlobalSection
	GlobalSection(SolutionProperties) = preSolution
		HideSolutionNode = FALSE
	EndGlobalSection
	GlobalSection(ExtensibilityGlobals) = postSolution
		SolutionGuid = {3EE33C14-A9C3-4C00-8FF7-0E5348C8957D}
	EndGlobalSection
EndGlobal
