
Microsoft Visual Studio Solution File, Format Version 12.00
# Visual Studio Version 16
VisualStudioVersion = 16.0.29215.179
MinimumVisualStudioVersion = 10.0.40219.1
Project("{FAE04EC0-301F-11D3-BF4B-00C04F79EFBC}") = "abstract", "abstract\abstract.csproj", "{50FE5EAD-78DA-436C-8919-C4C02D9EF3B8}"
EndProject
Global
	GlobalSection(SolutionConfigurationPlatforms) = preSolution
		Debug|Any CPU = Debug|Any CPU
		Release|Any CPU = Release|Any CPU
	EndGlobalSection
	GlobalSection(ProjectConfigurationPlatforms) = postSolution
		{50FE5EAD-78DA-436C-8919-C4C02D9EF3B8}.Debug|Any CPU.ActiveCfg = Debug|Any CPU
		{50FE5EAD-78DA-436C-8919-C4C02D9EF3B8}.Debug|Any CPU.Build.0 = Debug|Any CPU
		{50FE5EAD-78DA-436C-8919-C4C02D9EF3B8}.Release|Any CPU.ActiveCfg = Release|Any CPU
		{50FE5EAD-78DA-436C-8919-C4C02D9EF3B8}.Release|Any CPU.Build.0 = Release|Any CPU
	EndGlobalSection
	GlobalSection(SolutionProperties) = preSolution
		HideSolutionNode = FALSE
	EndGlobalSection
	GlobalSection(ExtensibilityGlobals) = postSolution
		SolutionGuid = {AEEFCD0D-86A8-4CCD-8208-202F5E0BDF76}
	EndGlobalSection
EndGlobal
