
Microsoft Visual Studio Solution File, Format Version 12.00
# Visual Studio Version 16
VisualStudioVersion = 16.0.30104.148
MinimumVisualStudioVersion = 10.0.40219.1
Project("{FAE04EC0-301F-11D3-BF4B-00C04F79EFBC}") = "Calendar.Webmvc", "zz_Ovadia\Calendar.Webmvc.csproj", "{0BB50832-1D3D-46D1-AD3F-1F1D8E5442DA}"
EndProject
Project("{FAE04EC0-301F-11D3-BF4B-00C04F79EFBC}") = "Calendar.Common", "Calendar.Common\Calendar.Common.csproj", "{A34A7E54-B06E-4970-830D-9C6E0A1719A5}"
EndProject
Project("{FAE04EC0-301F-11D3-BF4B-00C04F79EFBC}") = "calendar.Dal", "calendar.Dal\calendar.Dal.csproj", "{96224C91-DC12-4E24-968A-9DEFB63559E0}"
EndProject
Project("{FAE04EC0-301F-11D3-BF4B-00C04F79EFBC}") = "Calendar.Logic", "Calendar.Logic\Calendar.Logic.csproj", "{C8493291-FECA-451A-94DA-889BD41C327F}"
EndProject
Project("{FAE04EC0-301F-11D3-BF4B-00C04F79EFBC}") = "Calendar.BasicInit", "Calendar.BasicInit\Calendar.BasicInit.csproj", "{282C5AAC-962E-46BA-8DA5-D220028D413C}"
EndProject
Global
	GlobalSection(SolutionConfigurationPlatforms) = preSolution
		Debug|Any CPU = Debug|Any CPU
		Release|Any CPU = Release|Any CPU
	EndGlobalSection
	GlobalSection(ProjectConfigurationPlatforms) = postSolution
		{0BB50832-1D3D-46D1-AD3F-1F1D8E5442DA}.Debug|Any CPU.ActiveCfg = Debug|Any CPU
		{0BB50832-1D3D-46D1-AD3F-1F1D8E5442DA}.Debug|Any CPU.Build.0 = Debug|Any CPU
		{0BB50832-1D3D-46D1-AD3F-1F1D8E5442DA}.Release|Any CPU.ActiveCfg = Release|Any CPU
		{0BB50832-1D3D-46D1-AD3F-1F1D8E5442DA}.Release|Any CPU.Build.0 = Release|Any CPU
		{A34A7E54-B06E-4970-830D-9C6E0A1719A5}.Debug|Any CPU.ActiveCfg = Debug|Any CPU
		{A34A7E54-B06E-4970-830D-9C6E0A1719A5}.Debug|Any CPU.Build.0 = Debug|Any CPU
		{A34A7E54-B06E-4970-830D-9C6E0A1719A5}.Release|Any CPU.ActiveCfg = Release|Any CPU
		{A34A7E54-B06E-4970-830D-9C6E0A1719A5}.Release|Any CPU.Build.0 = Release|Any CPU
		{96224C91-DC12-4E24-968A-9DEFB63559E0}.Debug|Any CPU.ActiveCfg = Debug|Any CPU
		{96224C91-DC12-4E24-968A-9DEFB63559E0}.Debug|Any CPU.Build.0 = Debug|Any CPU
		{96224C91-DC12-4E24-968A-9DEFB63559E0}.Release|Any CPU.ActiveCfg = Release|Any CPU
		{96224C91-DC12-4E24-968A-9DEFB63559E0}.Release|Any CPU.Build.0 = Release|Any CPU
		{C8493291-FECA-451A-94DA-889BD41C327F}.Debug|Any CPU.ActiveCfg = Debug|Any CPU
		{C8493291-FECA-451A-94DA-889BD41C327F}.Debug|Any CPU.Build.0 = Debug|Any CPU
		{C8493291-FECA-451A-94DA-889BD41C327F}.Release|Any CPU.ActiveCfg = Release|Any CPU
		{C8493291-FECA-451A-94DA-889BD41C327F}.Release|Any CPU.Build.0 = Release|Any CPU
		{282C5AAC-962E-46BA-8DA5-D220028D413C}.Debug|Any CPU.ActiveCfg = Debug|Any CPU
		{282C5AAC-962E-46BA-8DA5-D220028D413C}.Debug|Any CPU.Build.0 = Debug|Any CPU
		{282C5AAC-962E-46BA-8DA5-D220028D413C}.Release|Any CPU.ActiveCfg = Release|Any CPU
		{282C5AAC-962E-46BA-8DA5-D220028D413C}.Release|Any CPU.Build.0 = Release|Any CPU
	EndGlobalSection
	GlobalSection(SolutionProperties) = preSolution
		HideSolutionNode = FALSE
	EndGlobalSection
	GlobalSection(ExtensibilityGlobals) = postSolution
		SolutionGuid = {EF0516C1-8887-435D-93F7-2D209F93883B}
	EndGlobalSection
EndGlobal
