
Microsoft Visual Studio Solution File, Format Version 12.00
# Visual Studio Version 16
VisualStudioVersion = 16.0.30104.148
MinimumVisualStudioVersion = 10.0.40219.1
Project("{FAE04EC0-301F-11D3-BF4B-00C04F79EFBC}") = "אותיות מחכימות", "אותיות מחכימות\אותיות מחכימות.csproj", "{505EB140-415C-4A42-8332-3D8CC72F0B63}"
EndProject
Global
	GlobalSection(SolutionConfigurationPlatforms) = preSolution
		Debug|Any CPU = Debug|Any CPU
		Release|Any CPU = Release|Any CPU
	EndGlobalSection
	GlobalSection(ProjectConfigurationPlatforms) = postSolution
		{505EB140-415C-4A42-8332-3D8CC72F0B63}.Debug|Any CPU.ActiveCfg = Debug|Any CPU
		{505EB140-415C-4A42-8332-3D8CC72F0B63}.Debug|Any CPU.Build.0 = Debug|Any CPU
		{505EB140-415C-4A42-8332-3D8CC72F0B63}.Release|Any CPU.ActiveCfg = Release|Any CPU
		{505EB140-415C-4A42-8332-3D8CC72F0B63}.Release|Any CPU.Build.0 = Release|Any CPU
	EndGlobalSection
	GlobalSection(SolutionProperties) = preSolution
		HideSolutionNode = FALSE
	EndGlobalSection
	GlobalSection(ExtensibilityGlobals) = postSolution
		SolutionGuid = {70DB4AD9-0945-4B1B-9220-61D8938C5DA6}
	EndGlobalSection
EndGlobal
