
Microsoft Visual Studio Solution File, Format Version 12.00
# Visual Studio Version 16
VisualStudioVersion = 16.0.30104.148
MinimumVisualStudioVersion = 10.0.40219.1
Project("{FAE04EC0-301F-11D3-BF4B-00C04F79EFBC}") = "whaee1", "whaee1\whaee1.csproj", "{76781E45-B279-4C4D-8815-6A038632A1E6}"
EndProject
Global
	GlobalSection(SolutionConfigurationPlatforms) = preSolution
		Debug|Any CPU = Debug|Any CPU
		Release|Any CPU = Release|Any CPU
	EndGlobalSection
	GlobalSection(ProjectConfigurationPlatforms) = postSolution
		{76781E45-B279-4C4D-8815-6A038632A1E6}.Debug|Any CPU.ActiveCfg = Debug|Any CPU
		{76781E45-B279-4C4D-8815-6A038632A1E6}.Debug|Any CPU.Build.0 = Debug|Any CPU
		{76781E45-B279-4C4D-8815-6A038632A1E6}.Release|Any CPU.ActiveCfg = Release|Any CPU
		{76781E45-B279-4C4D-8815-6A038632A1E6}.Release|Any CPU.Build.0 = Release|Any CPU
	EndGlobalSection
	GlobalSection(SolutionProperties) = preSolution
		HideSolutionNode = FALSE
	EndGlobalSection
	GlobalSection(ExtensibilityGlobals) = postSolution
		SolutionGuid = {5711148E-B67B-4CA2-81F9-FA15C075F0EC}
	EndGlobalSection
EndGlobal
