
Microsoft Visual Studio Solution File, Format Version 12.00
# Visual Studio Version 16
VisualStudioVersion = 16.0.29215.179
MinimumVisualStudioVersion = 10.0.40219.1
Project("{FAE04EC0-301F-11D3-BF4B-00C04F79EFBC}") = "TherapyBusiness", "TherapyBusiness\TherapyBusiness.csproj", "{5C1FAFA9-817E-428C-B3DA-A1685E275499}"
EndProject
Global
	GlobalSection(SolutionConfigurationPlatforms) = preSolution
		Debug|Any CPU = Debug|Any CPU
		Release|Any CPU = Release|Any CPU
	EndGlobalSection
	GlobalSection(ProjectConfigurationPlatforms) = postSolution
		{5C1FAFA9-817E-428C-B3DA-A1685E275499}.Debug|Any CPU.ActiveCfg = Debug|Any CPU
		{5C1FAFA9-817E-428C-B3DA-A1685E275499}.Debug|Any CPU.Build.0 = Debug|Any CPU
		{5C1FAFA9-817E-428C-B3DA-A1685E275499}.Release|Any CPU.ActiveCfg = Release|Any CPU
		{5C1FAFA9-817E-428C-B3DA-A1685E275499}.Release|Any CPU.Build.0 = Release|Any CPU
	EndGlobalSection
	GlobalSection(SolutionProperties) = preSolution
		HideSolutionNode = FALSE
	EndGlobalSection
	GlobalSection(ExtensibilityGlobals) = postSolution
		SolutionGuid = {72F9120D-E9C6-40CF-815E-0B208E07B4FF}
	EndGlobalSection
EndGlobal
