
Microsoft Visual Studio Solution File, Format Version 12.00
# Visual Studio Version 16
VisualStudioVersion = 16.0.29613.14
MinimumVisualStudioVersion = 10.0.40219.1
Project("{FAE04EC0-301F-11D3-BF4B-00C04F79EFBC}") = "mvc web templae test", "mvc web templae test\mvc web templae test.csproj", "{CDD79C68-A31C-4EA9-B37E-112121E82695}"
EndProject
Global
	GlobalSection(SolutionConfigurationPlatforms) = preSolution
		Debug|Any CPU = Debug|Any CPU
		Release|Any CPU = Release|Any CPU
	EndGlobalSection
	GlobalSection(ProjectConfigurationPlatforms) = postSolution
		{CDD79C68-A31C-4EA9-B37E-112121E82695}.Debug|Any CPU.ActiveCfg = Debug|Any CPU
		{CDD79C68-A31C-4EA9-B37E-112121E82695}.Debug|Any CPU.Build.0 = Debug|Any CPU
		{CDD79C68-A31C-4EA9-B37E-112121E82695}.Release|Any CPU.ActiveCfg = Release|Any CPU
		{CDD79C68-A31C-4EA9-B37E-112121E82695}.Release|Any CPU.Build.0 = Release|Any CPU
	EndGlobalSection
	GlobalSection(SolutionProperties) = preSolution
		HideSolutionNode = FALSE
	EndGlobalSection
	GlobalSection(ExtensibilityGlobals) = postSolution
		SolutionGuid = {9A02368E-8FA9-4CFE-99D1-E9A5F42BDA2E}
	EndGlobalSection
EndGlobal
