
Microsoft Visual Studio Solution File, Format Version 12.00
# Visual Studio Version 16
VisualStudioVersion = 16.0.29613.14
MinimumVisualStudioVersion = 10.0.40219.1
Project("{FAE04EC0-301F-11D3-BF4B-00C04F79EFBC}") = "javascript", "javascript\javascript.csproj", "{066317A6-FCF0-445F-942E-D3AD8008798B}"
EndProject
Global
	GlobalSection(SolutionConfigurationPlatforms) = preSolution
		Debug|Any CPU = Debug|Any CPU
		Release|Any CPU = Release|Any CPU
	EndGlobalSection
	GlobalSection(ProjectConfigurationPlatforms) = postSolution
		{066317A6-FCF0-445F-942E-D3AD8008798B}.Debug|Any CPU.ActiveCfg = Debug|Any CPU
		{066317A6-FCF0-445F-942E-D3AD8008798B}.Debug|Any CPU.Build.0 = Debug|Any CPU
		{066317A6-FCF0-445F-942E-D3AD8008798B}.Release|Any CPU.ActiveCfg = Release|Any CPU
		{066317A6-FCF0-445F-942E-D3AD8008798B}.Release|Any CPU.Build.0 = Release|Any CPU
	EndGlobalSection
	GlobalSection(SolutionProperties) = preSolution
		HideSolutionNode = FALSE
	EndGlobalSection
	GlobalSection(ExtensibilityGlobals) = postSolution
		SolutionGuid = {2F21C7B5-645C-4BBE-BD72-DBFF8EE6037E}
	EndGlobalSection
EndGlobal
