
Microsoft Visual Studio Solution File, Format Version 12.00
# Visual Studio Version 16
VisualStudioVersion = 16.0.30717.126
MinimumVisualStudioVersion = 10.0.40219.1
Project("{FAE04EC0-301F-11D3-BF4B-00C04F79EFBC}") = "reactCoreTest", "reactCoreTest\reactCoreTest.csproj", "{8AA24FC9-6E29-4F85-831B-01610CFFB61F}"
EndProject
Global
	GlobalSection(SolutionConfigurationPlatforms) = preSolution
		Debug|Any CPU = Debug|Any CPU
		Release|Any CPU = Release|Any CPU
	EndGlobalSection
	GlobalSection(ProjectConfigurationPlatforms) = postSolution
		{8AA24FC9-6E29-4F85-831B-01610CFFB61F}.Debug|Any CPU.ActiveCfg = Debug|Any CPU
		{8AA24FC9-6E29-4F85-831B-01610CFFB61F}.Debug|Any CPU.Build.0 = Debug|Any CPU
		{8AA24FC9-6E29-4F85-831B-01610CFFB61F}.Release|Any CPU.ActiveCfg = Release|Any CPU
		{8AA24FC9-6E29-4F85-831B-01610CFFB61F}.Release|Any CPU.Build.0 = Release|Any CPU
	EndGlobalSection
	GlobalSection(SolutionProperties) = preSolution
		HideSolutionNode = FALSE
	EndGlobalSection
	GlobalSection(ExtensibilityGlobals) = postSolution
		SolutionGuid = {1F622964-A8F6-47E3-AF6A-700727B81B73}
	EndGlobalSection
EndGlobal
